PODS:
  - boost (1.76.0)
  - CocoaAsyncSocket (7.6.5)
  - DoubleConversion (1.1.6)
  - FBLazyVector (0.71.5)
  - FBReactNativeSpec (0.71.5):
    - RCT-Folly (= 2021.07.22.00)
    - RCTRequired (= 0.71.5)
    - RCTTypeSafety (= 0.71.5)
    - React-Core (= 0.71.5)
    - React-jsi (= 0.71.5)
    - ReactCommon/turbomodule/core (= 0.71.5)
  - Flipper (0.125.0):
    - Flipper-Folly (~> 2.6)
    - Flipper-RSocket (~> 1.4)
  - Flipper-Boost-iOSX (1.76.0.1.11)
  - Flipper-DoubleConversion (3.2.0.1)
  - Flipper-Fmt (7.1.7)
  - Flipper-Folly (2.6.10):
    - Flipper-Boost-iOSX
    - Flipper-DoubleConversion
    - Flipper-Fmt (= 7.1.7)
    - Flipper-Glog
    - libevent (~> 2.1.12)
    - OpenSSL-Universal (= 1.1.1100)
  - Flipper-Glog (0.5.0.5)
  - Flipper-PeerTalk (0.0.4)
  - Flipper-RSocket (1.4.3):
    - Flipper-Folly (~> 2.6)
  - FlipperKit (0.125.0):
    - FlipperKit/Core (= 0.125.0)
  - FlipperKit/Core (0.125.0):
    - Flipper (~> 0.125.0)
    - FlipperKit/CppBridge
    - FlipperKit/FBCxxFollyDynamicConvert
    - FlipperKit/FBDefines
    - FlipperKit/FKPortForwarding
    - SocketRocket (~> 0.6.0)
  - FlipperKit/CppBridge (0.125.0):
    - Flipper (~> 0.125.0)
  - FlipperKit/FBCxxFollyDynamicConvert (0.125.0):
    - Flipper-Folly (~> 2.6)
  - FlipperKit/FBDefines (0.125.0)
  - FlipperKit/FKPortForwarding (0.125.0):
    - CocoaAsyncSocket (~> 7.6)
    - Flipper-PeerTalk (~> 0.0.4)
  - FlipperKit/FlipperKitHighlightOverlay (0.125.0)
  - FlipperKit/FlipperKitLayoutHelpers (0.125.0):
    - FlipperKit/Core
    - FlipperKit/FlipperKitHighlightOverlay
    - FlipperKit/FlipperKitLayoutTextSearchable
  - FlipperKit/FlipperKitLayoutIOSDescriptors (0.125.0):
    - FlipperKit/Core
    - FlipperKit/FlipperKitHighlightOverlay
    - FlipperKit/FlipperKitLayoutHelpers
    - YogaKit (~> 1.18)
  - FlipperKit/FlipperKitLayoutPlugin (0.125.0):
    - FlipperKit/Core
    - FlipperKit/FlipperKitHighlightOverlay
    - FlipperKit/FlipperKitLayoutHelpers
    - FlipperKit/FlipperKitLayoutIOSDescriptors
    - FlipperKit/FlipperKitLayoutTextSearchable
    - YogaKit (~> 1.18)
  - FlipperKit/FlipperKitLayoutTextSearchable (0.125.0)
  - FlipperKit/FlipperKitNetworkPlugin (0.125.0):
    - FlipperKit/Core
  - FlipperKit/FlipperKitReactPlugin (0.125.0):
    - FlipperKit/Core
  - FlipperKit/FlipperKitUserDefaultsPlugin (0.125.0):
    - FlipperKit/Core
  - FlipperKit/SKIOSNetworkPlugin (0.125.0):
    - FlipperKit/Core
    - FlipperKit/FlipperKitNetworkPlugin
  - fmt (6.2.1)
  - glog (0.3.5)
  - hermes-engine (0.71.5):
    - hermes-engine/Pre-built (= 0.71.5)
  - hermes-engine/Pre-built (0.71.5)
  - libevent (2.1.12)
  - OpenSSL-Universal (1.1.1100)
  - RCT-Folly (2021.07.22.00):
    - boost
    - DoubleConversion
    - fmt (~> 6.2.1)
    - glog
    - RCT-Folly/Default (= 2021.07.22.00)
  - RCT-Folly/Default (2021.07.22.00):
    - boost
    - DoubleConversion
    - fmt (~> 6.2.1)
    - glog
  - RCT-Folly/Fabric (2021.07.22.00):
    - boost
    - DoubleConversion
    - fmt (~> 6.2.1)
    - glog
  - RCT-Folly/Futures (2021.07.22.00):
    - boost
    - DoubleConversion
    - fmt (~> 6.2.1)
    - glog
    - libevent
  - RCTRequired (0.71.5)
  - RCTTypeSafety (0.71.5):
    - FBLazyVector (= 0.71.5)
    - RCTRequired (= 0.71.5)
    - React-Core (= 0.71.5)
  - React (0.71.5):
    - React-Core (= 0.71.5)
    - React-Core/DevSupport (= 0.71.5)
    - React-Core/RCTWebSocket (= 0.71.5)
    - React-RCTActionSheet (= 0.71.5)
    - React-RCTAnimation (= 0.71.5)
    - React-RCTBlob (= 0.71.5)
    - React-RCTImage (= 0.71.5)
    - React-RCTLinking (= 0.71.5)
    - React-RCTNetwork (= 0.71.5)
    - React-RCTSettings (= 0.71.5)
    - React-RCTText (= 0.71.5)
    - React-RCTVibration (= 0.71.5)
  - React-callinvoker (0.71.5)
  - React-Codegen (0.71.5):
    - FBReactNativeSpec
    - hermes-engine
    - RCT-Folly
    - RCTRequired
    - RCTTypeSafety
    - React-Core
    - React-graphics
    - React-jsi
    - React-jsiexecutor
    - React-rncore
    - ReactCommon/turbomodule/bridging
    - ReactCommon/turbomodule/core
  - React-Core (0.71.5):
    - glog
    - hermes-engine
    - RCT-Folly (= 2021.07.22.00)
    - React-Core/Default (= 0.71.5)
    - React-cxxreact (= 0.71.5)
    - React-hermes
    - React-jsi (= 0.71.5)
    - React-jsiexecutor (= 0.71.5)
    - React-perflogger (= 0.71.5)
    - Yoga
  - React-Core/CoreModulesHeaders (0.71.5):
    - glog
    - hermes-engine
    - RCT-Folly (= 2021.07.22.00)
    - React-Core/Default
    - React-cxxreact (= 0.71.5)
    - React-hermes
    - React-jsi (= 0.71.5)
    - React-jsiexecutor (= 0.71.5)
    - React-perflogger (= 0.71.5)
    - Yoga
  - React-Core/Default (0.71.5):
    - glog
    - hermes-engine
    - RCT-Folly (= 2021.07.22.00)
    - React-cxxreact (= 0.71.5)
    - React-hermes
    - React-jsi (= 0.71.5)
    - React-jsiexecutor (= 0.71.5)
    - React-perflogger (= 0.71.5)
    - Yoga
  - React-Core/DevSupport (0.71.5):
    - glog
    - hermes-engine
    - RCT-Folly (= 2021.07.22.00)
    - React-Core/Default (= 0.71.5)
    - React-Core/RCTWebSocket (= 0.71.5)
    - React-cxxreact (= 0.71.5)
    - React-hermes
    - React-jsi (= 0.71.5)
    - React-jsiexecutor (= 0.71.5)
    - React-jsinspector (= 0.71.5)
    - React-perflogger (= 0.71.5)
    - Yoga
  - React-Core/RCTActionSheetHeaders (0.71.5):
    - glog
    - hermes-engine
    - RCT-Folly (= 2021.07.22.00)
    - React-Core/Default
    - React-cxxreact (= 0.71.5)
    - React-hermes
    - React-jsi (= 0.71.5)
    - React-jsiexecutor (= 0.71.5)
    - React-perflogger (= 0.71.5)
    - Yoga
  - React-Core/RCTAnimationHeaders (0.71.5):
    - glog
    - hermes-engine
    - RCT-Folly (= 2021.07.22.00)
    - React-Core/Default
    - React-cxxreact (= 0.71.5)
    - React-hermes
    - React-jsi (= 0.71.5)
    - React-jsiexecutor (= 0.71.5)
    - React-perflogger (= 0.71.5)
    - Yoga
  - React-Core/RCTBlobHeaders (0.71.5):
    - glog
    - hermes-engine
    - RCT-Folly (= 2021.07.22.00)
    - React-Core/Default
    - React-cxxreact (= 0.71.5)
    - React-hermes
    - React-jsi (= 0.71.5)
    - React-jsiexecutor (= 0.71.5)
    - React-perflogger (= 0.71.5)
    - Yoga
  - React-Core/RCTImageHeaders (0.71.5):
    - glog
    - hermes-engine
    - RCT-Folly (= 2021.07.22.00)
    - React-Core/Default
    - React-cxxreact (= 0.71.5)
    - React-hermes
    - React-jsi (= 0.71.5)
    - React-jsiexecutor (= 0.71.5)
    - React-perflogger (= 0.71.5)
    - Yoga
  - React-Core/RCTLinkingHeaders (0.71.5):
    - glog
    - hermes-engine
    - RCT-Folly (= 2021.07.22.00)
    - React-Core/Default
    - React-cxxreact (= 0.71.5)
    - React-hermes
    - React-jsi (= 0.71.5)
    - React-jsiexecutor (= 0.71.5)
    - React-perflogger (= 0.71.5)
    - Yoga
  - React-Core/RCTNetworkHeaders (0.71.5):
    - glog
    - hermes-engine
    - RCT-Folly (= 2021.07.22.00)
    - React-Core/Default
    - React-cxxreact (= 0.71.5)
    - React-hermes
    - React-jsi (= 0.71.5)
    - React-jsiexecutor (= 0.71.5)
    - React-perflogger (= 0.71.5)
    - Yoga
  - React-Core/RCTPushNotificationHeaders (0.71.5):
    - glog
    - hermes-engine
    - RCT-Folly (= 2021.07.22.00)
    - React-Core/Default
    - React-cxxreact (= 0.71.5)
    - React-hermes
    - React-jsi (= 0.71.5)
    - React-jsiexecutor (= 0.71.5)
    - React-perflogger (= 0.71.5)
    - Yoga
  - React-Core/RCTSettingsHeaders (0.71.5):
    - glog
    - hermes-engine
    - RCT-Folly (= 2021.07.22.00)
    - React-Core/Default
    - React-cxxreact (= 0.71.5)
    - React-hermes
    - React-jsi (= 0.71.5)
    - React-jsiexecutor (= 0.71.5)
    - React-perflogger (= 0.71.5)
    - Yoga
  - React-Core/RCTTextHeaders (0.71.5):
    - glog
    - hermes-engine
    - RCT-Folly (= 2021.07.22.00)
    - React-Core/Default
    - React-cxxreact (= 0.71.5)
    - React-hermes
    - React-jsi (= 0.71.5)
    - React-jsiexecutor (= 0.71.5)
    - React-perflogger (= 0.71.5)
    - Yoga
  - React-Core/RCTVibrationHeaders (0.71.5):
    - glog
    - hermes-engine
    - RCT-Folly (= 2021.07.22.00)
    - React-Core/Default
    - React-cxxreact (= 0.71.5)
    - React-hermes
    - React-jsi (= 0.71.5)
    - React-jsiexecutor (= 0.71.5)
    - React-perflogger (= 0.71.5)
    - Yoga
  - React-Core/RCTWebSocket (0.71.5):
    - glog
    - hermes-engine
    - RCT-Folly (= 2021.07.22.00)
    - React-Core/Default (= 0.71.5)
    - React-cxxreact (= 0.71.5)
    - React-hermes
    - React-jsi (= 0.71.5)
    - React-jsiexecutor (= 0.71.5)
    - React-perflogger (= 0.71.5)
    - Yoga
  - React-CoreModules (0.71.5):
    - RCT-Folly (= 2021.07.22.00)
    - RCTTypeSafety (= 0.71.5)
    - React-Codegen (= 0.71.5)
    - React-Core/CoreModulesHeaders (= 0.71.5)
    - React-jsi (= 0.71.5)
    - React-RCTBlob
    - React-RCTImage (= 0.71.5)
    - ReactCommon/turbomodule/core (= 0.71.5)
  - React-cxxreact (0.71.5):
    - boost (= 1.76.0)
    - DoubleConversion
    - glog
    - hermes-engine
    - RCT-Folly (= 2021.07.22.00)
    - React-callinvoker (= 0.71.5)
    - React-jsi (= 0.71.5)
    - React-jsinspector (= 0.71.5)
    - React-logger (= 0.71.5)
    - React-perflogger (= 0.71.5)
    - React-runtimeexecutor (= 0.71.5)
  - React-Fabric (0.71.5):
    - RCT-Folly/Fabric (= 2021.07.22.00)
    - RCTRequired (= 0.71.5)
    - RCTTypeSafety (= 0.71.5)
    - React-Fabric/animations (= 0.71.5)
    - React-Fabric/attributedstring (= 0.71.5)
    - React-Fabric/butter (= 0.71.5)
    - React-Fabric/componentregistry (= 0.71.5)
    - React-Fabric/componentregistrynative (= 0.71.5)
    - React-Fabric/components (= 0.71.5)
    - React-Fabric/config (= 0.71.5)
    - React-Fabric/core (= 0.71.5)
    - React-Fabric/debug_core (= 0.71.5)
    - React-Fabric/debug_renderer (= 0.71.5)
    - React-Fabric/imagemanager (= 0.71.5)
    - React-Fabric/leakchecker (= 0.71.5)
    - React-Fabric/mapbuffer (= 0.71.5)
    - React-Fabric/mounting (= 0.71.5)
    - React-Fabric/runtimescheduler (= 0.71.5)
    - React-Fabric/scheduler (= 0.71.5)
    - React-Fabric/telemetry (= 0.71.5)
    - React-Fabric/templateprocessor (= 0.71.5)
    - React-Fabric/textlayoutmanager (= 0.71.5)
    - React-Fabric/uimanager (= 0.71.5)
    - React-Fabric/utils (= 0.71.5)
    - React-graphics (= 0.71.5)
    - React-jsi (= 0.71.5)
    - React-jsiexecutor (= 0.71.5)
    - ReactCommon/turbomodule/core (= 0.71.5)
  - React-Fabric/animations (0.71.5):
    - RCT-Folly/Fabric (= 2021.07.22.00)
    - RCTRequired (= 0.71.5)
    - RCTTypeSafety (= 0.71.5)
    - React-graphics (= 0.71.5)
    - React-jsi (= 0.71.5)
    - React-jsiexecutor (= 0.71.5)
    - ReactCommon/turbomodule/core (= 0.71.5)
  - React-Fabric/attributedstring (0.71.5):
    - RCT-Folly/Fabric (= 2021.07.22.00)
    - RCTRequired (= 0.71.5)
    - RCTTypeSafety (= 0.71.5)
    - React-graphics (= 0.71.5)
    - React-jsi (= 0.71.5)
    - React-jsiexecutor (= 0.71.5)
    - ReactCommon/turbomodule/core (= 0.71.5)
  - React-Fabric/butter (0.71.5):
    - RCT-Folly/Fabric (= 2021.07.22.00)
    - RCTRequired (= 0.71.5)
    - RCTTypeSafety (= 0.71.5)
    - React-graphics (= 0.71.5)
    - React-jsi (= 0.71.5)
    - React-jsiexecutor (= 0.71.5)
    - ReactCommon/turbomodule/core (= 0.71.5)
  - React-Fabric/componentregistry (0.71.5):
    - RCT-Folly/Fabric (= 2021.07.22.00)
    - RCTRequired (= 0.71.5)
    - RCTTypeSafety (= 0.71.5)
    - React-graphics (= 0.71.5)
    - React-jsi (= 0.71.5)
    - React-jsiexecutor (= 0.71.5)
    - ReactCommon/turbomodule/core (= 0.71.5)
  - React-Fabric/componentregistrynative (0.71.5):
    - RCT-Folly/Fabric (= 2021.07.22.00)
    - RCTRequired (= 0.71.5)
    - RCTTypeSafety (= 0.71.5)
    - React-graphics (= 0.71.5)
    - React-jsi (= 0.71.5)
    - React-jsiexecutor (= 0.71.5)
    - ReactCommon/turbomodule/core (= 0.71.5)
  - React-Fabric/components (0.71.5):
    - RCT-Folly/Fabric (= 2021.07.22.00)
    - RCTRequired (= 0.71.5)
    - RCTTypeSafety (= 0.71.5)
    - React-Fabric/components/activityindicator (= 0.71.5)
    - React-Fabric/components/image (= 0.71.5)
    - React-Fabric/components/inputaccessory (= 0.71.5)
    - React-Fabric/components/legacyviewmanagerinterop (= 0.71.5)
    - React-Fabric/components/modal (= 0.71.5)
    - React-Fabric/components/root (= 0.71.5)
    - React-Fabric/components/safeareaview (= 0.71.5)
    - React-Fabric/components/scrollview (= 0.71.5)
    - React-Fabric/components/slider (= 0.71.5)
    - React-Fabric/components/text (= 0.71.5)
    - React-Fabric/components/textinput (= 0.71.5)
    - React-Fabric/components/unimplementedview (= 0.71.5)
    - React-Fabric/components/view (= 0.71.5)
    - React-graphics (= 0.71.5)
    - React-jsi (= 0.71.5)
    - React-jsiexecutor (= 0.71.5)
    - ReactCommon/turbomodule/core (= 0.71.5)
  - React-Fabric/components/activityindicator (0.71.5):
    - RCT-Folly/Fabric (= 2021.07.22.00)
    - RCTRequired (= 0.71.5)
    - RCTTypeSafety (= 0.71.5)
    - React-graphics (= 0.71.5)
    - React-jsi (= 0.71.5)
    - React-jsiexecutor (= 0.71.5)
    - ReactCommon/turbomodule/core (= 0.71.5)
  - React-Fabric/components/image (0.71.5):
    - RCT-Folly/Fabric (= 2021.07.22.00)
    - RCTRequired (= 0.71.5)
    - RCTTypeSafety (= 0.71.5)
    - React-graphics (= 0.71.5)
    - React-jsi (= 0.71.5)
    - React-jsiexecutor (= 0.71.5)
    - ReactCommon/turbomodule/core (= 0.71.5)
  - React-Fabric/components/inputaccessory (0.71.5):
    - RCT-Folly/Fabric (= 2021.07.22.00)
    - RCTRequired (= 0.71.5)
    - RCTTypeSafety (= 0.71.5)
    - React-graphics (= 0.71.5)
    - React-jsi (= 0.71.5)
    - React-jsiexecutor (= 0.71.5)
    - ReactCommon/turbomodule/core (= 0.71.5)
  - React-Fabric/components/legacyviewmanagerinterop (0.71.5):
    - RCT-Folly/Fabric (= 2021.07.22.00)
    - RCTRequired (= 0.71.5)
    - RCTTypeSafety (= 0.71.5)
    - React-graphics (= 0.71.5)
    - React-jsi (= 0.71.5)
    - React-jsiexecutor (= 0.71.5)
    - ReactCommon/turbomodule/core (= 0.71.5)
  - React-Fabric/components/modal (0.71.5):
    - RCT-Folly/Fabric (= 2021.07.22.00)
    - RCTRequired (= 0.71.5)
    - RCTTypeSafety (= 0.71.5)
    - React-graphics (= 0.71.5)
    - React-jsi (= 0.71.5)
    - React-jsiexecutor (= 0.71.5)
    - ReactCommon/turbomodule/core (= 0.71.5)
  - React-Fabric/components/root (0.71.5):
    - RCT-Folly/Fabric (= 2021.07.22.00)
    - RCTRequired (= 0.71.5)
    - RCTTypeSafety (= 0.71.5)
    - React-graphics (= 0.71.5)
    - React-jsi (= 0.71.5)
    - React-jsiexecutor (= 0.71.5)
    - ReactCommon/turbomodule/core (= 0.71.5)
  - React-Fabric/components/safeareaview (0.71.5):
    - RCT-Folly/Fabric (= 2021.07.22.00)
    - RCTRequired (= 0.71.5)
    - RCTTypeSafety (= 0.71.5)
    - React-graphics (= 0.71.5)
    - React-jsi (= 0.71.5)
    - React-jsiexecutor (= 0.71.5)
    - ReactCommon/turbomodule/core (= 0.71.5)
  - React-Fabric/components/scrollview (0.71.5):
    - RCT-Folly/Fabric (= 2021.07.22.00)
    - RCTRequired (= 0.71.5)
    - RCTTypeSafety (= 0.71.5)
    - React-graphics (= 0.71.5)
    - React-jsi (= 0.71.5)
    - React-jsiexecutor (= 0.71.5)
    - ReactCommon/turbomodule/core (= 0.71.5)
  - React-Fabric/components/slider (0.71.5):
    - RCT-Folly/Fabric (= 2021.07.22.00)
    - RCTRequired (= 0.71.5)
    - RCTTypeSafety (= 0.71.5)
    - React-graphics (= 0.71.5)
    - React-jsi (= 0.71.5)
    - React-jsiexecutor (= 0.71.5)
    - ReactCommon/turbomodule/core (= 0.71.5)
  - React-Fabric/components/text (0.71.5):
    - RCT-Folly/Fabric (= 2021.07.22.00)
    - RCTRequired (= 0.71.5)
    - RCTTypeSafety (= 0.71.5)
    - React-graphics (= 0.71.5)
    - React-jsi (= 0.71.5)
    - React-jsiexecutor (= 0.71.5)
    - ReactCommon/turbomodule/core (= 0.71.5)
  - React-Fabric/components/textinput (0.71.5):
    - RCT-Folly/Fabric (= 2021.07.22.00)
    - RCTRequired (= 0.71.5)
    - RCTTypeSafety (= 0.71.5)
    - React-graphics (= 0.71.5)
    - React-jsi (= 0.71.5)
    - React-jsiexecutor (= 0.71.5)
    - ReactCommon/turbomodule/core (= 0.71.5)
  - React-Fabric/components/unimplementedview (0.71.5):
    - RCT-Folly/Fabric (= 2021.07.22.00)
    - RCTRequired (= 0.71.5)
    - RCTTypeSafety (= 0.71.5)
    - React-graphics (= 0.71.5)
    - React-jsi (= 0.71.5)
    - React-jsiexecutor (= 0.71.5)
    - ReactCommon/turbomodule/core (= 0.71.5)
  - React-Fabric/components/view (0.71.5):
    - RCT-Folly/Fabric (= 2021.07.22.00)
    - RCTRequired (= 0.71.5)
    - RCTTypeSafety (= 0.71.5)
    - React-graphics (= 0.71.5)
    - React-jsi (= 0.71.5)
    - React-jsiexecutor (= 0.71.5)
    - ReactCommon/turbomodule/core (= 0.71.5)
    - Yoga
  - React-Fabric/config (0.71.5):
    - RCT-Folly/Fabric (= 2021.07.22.00)
    - RCTRequired (= 0.71.5)
    - RCTTypeSafety (= 0.71.5)
    - React-graphics (= 0.71.5)
    - React-jsi (= 0.71.5)
    - React-jsiexecutor (= 0.71.5)
    - ReactCommon/turbomodule/core (= 0.71.5)
  - React-Fabric/core (0.71.5):
    - RCT-Folly/Fabric (= 2021.07.22.00)
    - RCTRequired (= 0.71.5)
    - RCTTypeSafety (= 0.71.5)
    - React-graphics (= 0.71.5)
    - React-jsi (= 0.71.5)
    - React-jsiexecutor (= 0.71.5)
    - ReactCommon/turbomodule/core (= 0.71.5)
  - React-Fabric/debug_core (0.71.5):
    - RCT-Folly/Fabric (= 2021.07.22.00)
    - RCTRequired (= 0.71.5)
    - RCTTypeSafety (= 0.71.5)
    - React-graphics (= 0.71.5)
    - React-jsi (= 0.71.5)
    - React-jsiexecutor (= 0.71.5)
    - ReactCommon/turbomodule/core (= 0.71.5)
  - React-Fabric/debug_renderer (0.71.5):
    - RCT-Folly/Fabric (= 2021.07.22.00)
    - RCTRequired (= 0.71.5)
    - RCTTypeSafety (= 0.71.5)
    - React-graphics (= 0.71.5)
    - React-jsi (= 0.71.5)
    - React-jsiexecutor (= 0.71.5)
    - ReactCommon/turbomodule/core (= 0.71.5)
  - React-Fabric/imagemanager (0.71.5):
    - RCT-Folly/Fabric (= 2021.07.22.00)
    - RCTRequired (= 0.71.5)
    - RCTTypeSafety (= 0.71.5)
    - React-graphics (= 0.71.5)
    - React-jsi (= 0.71.5)
    - React-jsiexecutor (= 0.71.5)
    - React-RCTImage (= 0.71.5)
    - ReactCommon/turbomodule/core (= 0.71.5)
  - React-Fabric/leakchecker (0.71.5):
    - RCT-Folly/Fabric (= 2021.07.22.00)
    - RCTRequired (= 0.71.5)
    - RCTTypeSafety (= 0.71.5)
    - React-graphics (= 0.71.5)
    - React-jsi (= 0.71.5)
    - React-jsiexecutor (= 0.71.5)
    - ReactCommon/turbomodule/core (= 0.71.5)
  - React-Fabric/mapbuffer (0.71.5):
    - RCT-Folly/Fabric (= 2021.07.22.00)
    - RCTRequired (= 0.71.5)
    - RCTTypeSafety (= 0.71.5)
    - React-graphics (= 0.71.5)
    - React-jsi (= 0.71.5)
    - React-jsiexecutor (= 0.71.5)
    - ReactCommon/turbomodule/core (= 0.71.5)
  - React-Fabric/mounting (0.71.5):
    - RCT-Folly/Fabric (= 2021.07.22.00)
    - RCTRequired (= 0.71.5)
    - RCTTypeSafety (= 0.71.5)
    - React-graphics (= 0.71.5)
    - React-jsi (= 0.71.5)
    - React-jsiexecutor (= 0.71.5)
    - ReactCommon/turbomodule/core (= 0.71.5)
  - React-Fabric/runtimescheduler (0.71.5):
    - RCT-Folly/Fabric (= 2021.07.22.00)
    - RCTRequired (= 0.71.5)
    - RCTTypeSafety (= 0.71.5)
    - React-graphics (= 0.71.5)
    - React-jsi (= 0.71.5)
    - React-jsiexecutor (= 0.71.5)
    - ReactCommon/turbomodule/core (= 0.71.5)
  - React-Fabric/scheduler (0.71.5):
    - RCT-Folly/Fabric (= 2021.07.22.00)
    - RCTRequired (= 0.71.5)
    - RCTTypeSafety (= 0.71.5)
    - React-graphics (= 0.71.5)
    - React-jsi (= 0.71.5)
    - React-jsiexecutor (= 0.71.5)
    - ReactCommon/turbomodule/core (= 0.71.5)
  - React-Fabric/telemetry (0.71.5):
    - RCT-Folly/Fabric (= 2021.07.22.00)
    - RCTRequired (= 0.71.5)
    - RCTTypeSafety (= 0.71.5)
    - React-graphics (= 0.71.5)
    - React-jsi (= 0.71.5)
    - React-jsiexecutor (= 0.71.5)
    - ReactCommon/turbomodule/core (= 0.71.5)
  - React-Fabric/templateprocessor (0.71.5):
    - RCT-Folly/Fabric (= 2021.07.22.00)
    - RCTRequired (= 0.71.5)
    - RCTTypeSafety (= 0.71.5)
    - React-graphics (= 0.71.5)
    - React-jsi (= 0.71.5)
    - React-jsiexecutor (= 0.71.5)
    - ReactCommon/turbomodule/core (= 0.71.5)
  - React-Fabric/textlayoutmanager (0.71.5):
    - RCT-Folly/Fabric (= 2021.07.22.00)
    - RCTRequired (= 0.71.5)
    - RCTTypeSafety (= 0.71.5)
    - React-Fabric/uimanager
    - React-graphics (= 0.71.5)
    - React-jsi (= 0.71.5)
    - React-jsiexecutor (= 0.71.5)
    - ReactCommon/turbomodule/core (= 0.71.5)
  - React-Fabric/uimanager (0.71.5):
    - RCT-Folly/Fabric (= 2021.07.22.00)
    - RCTRequired (= 0.71.5)
    - RCTTypeSafety (= 0.71.5)
    - React-graphics (= 0.71.5)
    - React-jsi (= 0.71.5)
    - React-jsiexecutor (= 0.71.5)
    - ReactCommon/turbomodule/core (= 0.71.5)
  - React-Fabric/utils (0.71.5):
    - RCT-Folly/Fabric (= 2021.07.22.00)
    - RCTRequired (= 0.71.5)
    - RCTTypeSafety (= 0.71.5)
    - React-graphics (= 0.71.5)
    - React-jsi (= 0.71.5)
    - React-jsiexecutor (= 0.71.5)
    - ReactCommon/turbomodule/core (= 0.71.5)
  - React-graphics (0.71.5):
    - RCT-Folly/Fabric (= 2021.07.22.00)
    - React-Core/Default (= 0.71.5)
  - React-hermes (0.71.5):
    - DoubleConversion
    - glog
    - hermes-engine
    - RCT-Folly (= 2021.07.22.00)
    - RCT-Folly/Futures (= 2021.07.22.00)
    - React-cxxreact (= 0.71.5)
    - React-jsi
    - React-jsiexecutor (= 0.71.5)
    - React-jsinspector (= 0.71.5)
    - React-perflogger (= 0.71.5)
  - React-jsi (0.71.5):
    - boost (= 1.76.0)
    - DoubleConversion
    - glog
    - hermes-engine
    - RCT-Folly (= 2021.07.22.00)
  - React-jsiexecutor (0.71.5):
    - DoubleConversion
    - glog
    - hermes-engine
    - RCT-Folly (= 2021.07.22.00)
    - React-cxxreact (= 0.71.5)
    - React-jsi (= 0.71.5)
    - React-perflogger (= 0.71.5)
  - React-jsinspector (0.71.5)
  - React-logger (0.71.5):
    - glog
  - React-perflogger (0.71.5)
  - React-RCTActionSheet (0.71.5):
    - React-Core/RCTActionSheetHeaders (= 0.71.5)
  - React-RCTAnimation (0.71.5):
    - RCT-Folly (= 2021.07.22.00)
    - RCTTypeSafety (= 0.71.5)
    - React-Codegen (= 0.71.5)
    - React-Core/RCTAnimationHeaders (= 0.71.5)
    - React-jsi (= 0.71.5)
    - ReactCommon/turbomodule/core (= 0.71.5)
  - React-RCTAppDelegate (0.71.5):
    - RCT-Folly
    - RCTRequired
    - RCTTypeSafety
    - React-Core
    - ReactCommon/turbomodule/core
  - React-RCTBlob (0.71.5):
    - hermes-engine
    - RCT-Folly (= 2021.07.22.00)
    - React-Codegen (= 0.71.5)
    - React-Core/RCTBlobHeaders (= 0.71.5)
    - React-Core/RCTWebSocket (= 0.71.5)
    - React-jsi (= 0.71.5)
    - React-RCTNetwork (= 0.71.5)
    - ReactCommon/turbomodule/core (= 0.71.5)
  - React-RCTFabric (0.71.5):
    - RCT-Folly/Fabric (= 2021.07.22.00)
    - React-Core (= 0.71.5)
    - React-Fabric (= 0.71.5)
    - React-RCTImage (= 0.71.5)
  - React-RCTImage (0.71.5):
    - RCT-Folly (= 2021.07.22.00)
    - RCTTypeSafety (= 0.71.5)
    - React-Codegen (= 0.71.5)
    - React-Core/RCTImageHeaders (= 0.71.5)
    - React-jsi (= 0.71.5)
    - React-RCTNetwork (= 0.71.5)
    - ReactCommon/turbomodule/core (= 0.71.5)
  - React-RCTLinking (0.71.5):
    - React-Codegen (= 0.71.5)
    - React-Core/RCTLinkingHeaders (= 0.71.5)
    - React-jsi (= 0.71.5)
    - ReactCommon/turbomodule/core (= 0.71.5)
  - React-RCTNetwork (0.71.5):
    - RCT-Folly (= 2021.07.22.00)
    - RCTTypeSafety (= 0.71.5)
    - React-Codegen (= 0.71.5)
    - React-Core/RCTNetworkHeaders (= 0.71.5)
    - React-jsi (= 0.71.5)
    - ReactCommon/turbomodule/core (= 0.71.5)
  - React-RCTPushNotification (0.71.5):
    - RCTTypeSafety (= 0.71.5)
    - React-Codegen (= 0.71.5)
    - React-Core/RCTPushNotificationHeaders (= 0.71.5)
    - React-jsi (= 0.71.5)
    - ReactCommon/turbomodule/core (= 0.71.5)
  - React-RCTSettings (0.71.5):
    - RCT-Folly (= 2021.07.22.00)
    - RCTTypeSafety (= 0.71.5)
    - React-Codegen (= 0.71.5)
    - React-Core/RCTSettingsHeaders (= 0.71.5)
    - React-jsi (= 0.71.5)
    - ReactCommon/turbomodule/core (= 0.71.5)
  - React-RCTTest (0.71.5):
    - RCT-Folly (= 2021.07.22.00)
    - React-Core (= 0.71.5)
    - React-CoreModules (= 0.71.5)
    - React-jsi (= 0.71.5)
    - ReactCommon/turbomodule/core (= 0.71.5)
  - React-RCTText (0.71.5):
    - React-Core/RCTTextHeaders (= 0.71.5)
  - React-RCTVibration (0.71.5):
    - RCT-Folly (= 2021.07.22.00)
    - React-Codegen (= 0.71.5)
    - React-Core/RCTVibrationHeaders (= 0.71.5)
    - React-jsi (= 0.71.5)
    - ReactCommon/turbomodule/core (= 0.71.5)
  - React-rncore (0.71.5)
  - React-runtimeexecutor (0.71.5):
    - React-jsi (= 0.71.5)
  - ReactCommon/turbomodule/bridging (0.71.5):
    - DoubleConversion
    - glog
    - hermes-engine
    - RCT-Folly (= 2021.07.22.00)
    - React-callinvoker (= 0.71.5)
    - React-Core (= 0.71.5)
    - React-cxxreact (= 0.71.5)
    - React-jsi (= 0.71.5)
    - React-logger (= 0.71.5)
    - React-perflogger (= 0.71.5)
  - ReactCommon/turbomodule/core (0.71.5):
    - DoubleConversion
    - glog
    - hermes-engine
    - RCT-Folly (= 2021.07.22.00)
    - React-callinvoker (= 0.71.5)
    - React-Core (= 0.71.5)
    - React-cxxreact (= 0.71.5)
    - React-jsi (= 0.71.5)
    - React-logger (= 0.71.5)
    - React-perflogger (= 0.71.5)
  - ReactCommon/turbomodule/samples (0.71.5):
    - DoubleConversion
    - glog
    - hermes-engine
    - RCT-Folly (= 2021.07.22.00)
    - React-callinvoker (= 0.71.5)
    - React-Core (= 0.71.5)
    - React-cxxreact (= 0.71.5)
    - React-jsi (= 0.71.5)
    - React-logger (= 0.71.5)
    - React-perflogger (= 0.71.5)
    - ReactCommon/turbomodule/core (= 0.71.5)
  - ScreenshotManager (0.0.1):
    - RCT-Folly (= 2021.07.22.00)
    - React-Core
  - SocketRocket (0.6.0)
  - Yoga (1.14.0)
  - YogaKit (1.18.1):
    - Yoga (~> 1.14)

DEPENDENCIES:
  - boost (from `../../third-party-podspecs/boost.podspec`)
  - DoubleConversion (from `../../third-party-podspecs/DoubleConversion.podspec`)
  - FBLazyVector (from `../../Libraries/FBLazyVector`)
  - FBReactNativeSpec (from `../../React/FBReactNativeSpec`)
  - Flipper (= 0.125.0)
  - Flipper-Boost-iOSX (= 1.76.0.1.11)
  - Flipper-DoubleConversion (= 3.2.0.1)
  - Flipper-Fmt (= 7.1.7)
  - Flipper-Folly (= 2.6.10)
  - Flipper-Glog (= 0.5.0.5)
  - Flipper-PeerTalk (= 0.0.4)
  - Flipper-RSocket (= 1.4.3)
  - FlipperKit (= 0.125.0)
  - FlipperKit/Core (= 0.125.0)
  - FlipperKit/CppBridge (= 0.125.0)
  - FlipperKit/FBCxxFollyDynamicConvert (= 0.125.0)
  - FlipperKit/FBDefines (= 0.125.0)
  - FlipperKit/FKPortForwarding (= 0.125.0)
  - FlipperKit/FlipperKitHighlightOverlay (= 0.125.0)
  - FlipperKit/FlipperKitLayoutPlugin (= 0.125.0)
  - FlipperKit/FlipperKitLayoutTextSearchable (= 0.125.0)
  - FlipperKit/FlipperKitNetworkPlugin (= 0.125.0)
  - FlipperKit/FlipperKitReactPlugin (= 0.125.0)
  - FlipperKit/FlipperKitUserDefaultsPlugin (= 0.125.0)
  - FlipperKit/SKIOSNetworkPlugin (= 0.125.0)
  - glog (from `../../third-party-podspecs/glog.podspec`)
  - hermes-engine (from `../../sdks/hermes-engine/hermes-engine.podspec`)
  - libevent (~> 2.1.12)
  - OpenSSL-Universal (= 1.1.1100)
  - RCT-Folly (from `../../third-party-podspecs/RCT-Folly.podspec`)
  - RCT-Folly/Fabric (from `../../third-party-podspecs/RCT-Folly.podspec`)
  - RCTRequired (from `../../Libraries/RCTRequired`)
  - RCTTypeSafety (from `../../Libraries/TypeSafety`)
  - React (from `../../`)
  - React-callinvoker (from `../../ReactCommon/callinvoker`)
  - React-Codegen (from `build/generated/ios`)
  - React-Core (from `../../`)
  - React-Core/DevSupport (from `../../`)
  - React-Core/RCTWebSocket (from `../../`)
  - React-CoreModules (from `../../React/CoreModules`)
  - React-cxxreact (from `../../ReactCommon/cxxreact`)
  - React-Fabric (from `../../ReactCommon`)
  - React-graphics (from `../../ReactCommon/react/renderer/graphics`)
  - React-hermes (from `../../ReactCommon/hermes`)
  - React-jsi (from `../../ReactCommon/jsi`)
  - React-jsiexecutor (from `../../ReactCommon/jsiexecutor`)
  - React-jsinspector (from `../../ReactCommon/jsinspector`)
  - React-logger (from `../../ReactCommon/logger`)
  - React-perflogger (from `../../ReactCommon/reactperflogger`)
  - React-RCTActionSheet (from `../../Libraries/ActionSheetIOS`)
  - React-RCTAnimation (from `../../Libraries/NativeAnimation`)
  - React-RCTAppDelegate (from `../../Libraries/AppDelegate`)
  - React-RCTBlob (from `../../Libraries/Blob`)
  - React-RCTFabric (from `../../React`)
  - React-RCTImage (from `../../Libraries/Image`)
  - React-RCTLinking (from `../../Libraries/LinkingIOS`)
  - React-RCTNetwork (from `../../Libraries/Network`)
  - React-RCTPushNotification (from `../../Libraries/PushNotificationIOS`)
  - React-RCTSettings (from `../../Libraries/Settings`)
  - React-RCTTest (from `./RCTTest`)
  - React-RCTText (from `../../Libraries/Text`)
  - React-RCTVibration (from `../../Libraries/Vibration`)
  - React-rncore (from `../../ReactCommon`)
  - React-runtimeexecutor (from `../../ReactCommon/runtimeexecutor`)
  - ReactCommon/turbomodule/core (from `../../ReactCommon`)
  - ReactCommon/turbomodule/samples (from `../../ReactCommon`)
  - ScreenshotManager (from `NativeModuleExample`)
  - Yoga (from `../../ReactCommon/yoga`)

SPEC REPOS:
  trunk:
    - CocoaAsyncSocket
    - Flipper
    - Flipper-Boost-iOSX
    - Flipper-DoubleConversion
    - Flipper-Fmt
    - Flipper-Folly
    - Flipper-Glog
    - Flipper-PeerTalk
    - Flipper-RSocket
    - FlipperKit
    - fmt
    - libevent
    - OpenSSL-Universal
    - SocketRocket
    - YogaKit

EXTERNAL SOURCES:
  boost:
    :podspec: "../../third-party-podspecs/boost.podspec"
  DoubleConversion:
    :podspec: "../../third-party-podspecs/DoubleConversion.podspec"
  FBLazyVector:
    :path: "../../Libraries/FBLazyVector"
  FBReactNativeSpec:
    :path: "../../React/FBReactNativeSpec"
  glog:
    :podspec: "../../third-party-podspecs/glog.podspec"
  hermes-engine:
    :podspec: "../../sdks/hermes-engine/hermes-engine.podspec"
  RCT-Folly:
    :podspec: "../../third-party-podspecs/RCT-Folly.podspec"
  RCTRequired:
    :path: "../../Libraries/RCTRequired"
  RCTTypeSafety:
    :path: "../../Libraries/TypeSafety"
  React:
    :path: "../../"
  React-callinvoker:
    :path: "../../ReactCommon/callinvoker"
  React-Codegen:
    :path: build/generated/ios
  React-Core:
    :path: "../../"
  React-CoreModules:
    :path: "../../React/CoreModules"
  React-cxxreact:
    :path: "../../ReactCommon/cxxreact"
  React-Fabric:
    :path: "../../ReactCommon"
  React-graphics:
    :path: "../../ReactCommon/react/renderer/graphics"
  React-hermes:
    :path: "../../ReactCommon/hermes"
  React-jsi:
    :path: "../../ReactCommon/jsi"
  React-jsiexecutor:
    :path: "../../ReactCommon/jsiexecutor"
  React-jsinspector:
    :path: "../../ReactCommon/jsinspector"
  React-logger:
    :path: "../../ReactCommon/logger"
  React-perflogger:
    :path: "../../ReactCommon/reactperflogger"
  React-RCTActionSheet:
    :path: "../../Libraries/ActionSheetIOS"
  React-RCTAnimation:
    :path: "../../Libraries/NativeAnimation"
  React-RCTAppDelegate:
    :path: "../../Libraries/AppDelegate"
  React-RCTBlob:
    :path: "../../Libraries/Blob"
  React-RCTFabric:
    :path: "../../React"
  React-RCTImage:
    :path: "../../Libraries/Image"
  React-RCTLinking:
    :path: "../../Libraries/LinkingIOS"
  React-RCTNetwork:
    :path: "../../Libraries/Network"
  React-RCTPushNotification:
    :path: "../../Libraries/PushNotificationIOS"
  React-RCTSettings:
    :path: "../../Libraries/Settings"
  React-RCTTest:
    :path: "./RCTTest"
  React-RCTText:
    :path: "../../Libraries/Text"
  React-RCTVibration:
    :path: "../../Libraries/Vibration"
  React-rncore:
    :path: "../../ReactCommon"
  React-runtimeexecutor:
    :path: "../../ReactCommon/runtimeexecutor"
  ReactCommon:
    :path: "../../ReactCommon"
  ScreenshotManager:
    :path: NativeModuleExample
  Yoga:
    :path: "../../ReactCommon/yoga"

SPEC CHECKSUMS:
  boost: 57d2868c099736d80fcd648bf211b4431e51a558
  CocoaAsyncSocket: 065fd1e645c7abab64f7a6a2007a48038fdc6a99
  DoubleConversion: 5189b271737e1565bdce30deb4a08d647e3f5f54
  FBLazyVector: f1897022b53abf1469d6ad692ee2c69f57d967f3
  FBReactNativeSpec: f61caa06806458ad5aee6ac459879ef7b217cee3
  Flipper: 26fc4b7382499f1281eb8cb921e5c3ad6de91fe0
  Flipper-Boost-iOSX: fd1e2b8cbef7e662a122412d7ac5f5bea715403c
  Flipper-DoubleConversion: 2dc99b02f658daf147069aad9dbd29d8feb06d30
  Flipper-Fmt: 60cbdd92fc254826e61d669a5d87ef7015396a9b
  Flipper-Folly: 584845625005ff068a6ebf41f857f468decd26b3
  Flipper-Glog: 70c50ce58ddaf67dc35180db05f191692570f446
  Flipper-PeerTalk: 116d8f857dc6ef55c7a5a75ea3ceaafe878aadc9
  Flipper-RSocket: d9d9ade67cbecf6ac10730304bf5607266dd2541
  FlipperKit: cbdee19bdd4e7f05472a66ce290f1b729ba3cb86
  fmt: ff9d55029c625d3757ed641535fd4a75fedc7ce9
  glog: 04b94705f318337d7ead9e6d17c019bd9b1f6b1b
  hermes-engine: 0784cadad14b011580615c496f77e0ae112eed75
  libevent: 4049cae6c81cdb3654a443be001fb9bdceff7913
  OpenSSL-Universal: ebc357f1e6bc71fa463ccb2fe676756aff50e88c
  RCT-Folly: 424b8c9a7a0b9ab2886ffe9c3b041ef628fd4fb1
  RCTRequired: bd6045fbd511da5efe6db89eecb21e4e36bd7cbf
  RCTTypeSafety: c06d9f906faa69dd1c88223204c3a24767725fd8
  React: b9ea33557ef1372af247f95d110fbdea114ed3b2
  React-callinvoker: 112f941fcb98722c72736b8e229edcb3c1d84b45
  React-Codegen: 5197d8cad58e64ea367ae46277239f14711c5f1c
  React-Core: c40d8ec76944536e6d4f8306cbda17a7c254585c
  React-CoreModules: 7dec7d883bf29bd0d753a93f37326e3031f8f546
  React-cxxreact: 63154d7b113bd6e74ae221c1091e10591d7ae651
  React-Fabric: e33954cbc9590d13b12ff441faf5099612e54504
  React-graphics: eb5c722f855835bf9d1e362f47e443b4f3e93dfc
  React-hermes: 187e42638c92a54ad7d270079dda4d59cf8c7229
  React-jsi: 6a633d20f5bb094d8f43c3f23c03f724acab005e
  React-jsiexecutor: 1579bf3207afadc72ac3638a66a102d1bf5263e3
  React-jsinspector: 14a342151ab810862998dfc99e2720746734e9b3
  React-logger: 94ec392ae471683635e4bf874d4e82f675399d2d
  React-perflogger: 883a55a9a899535eaf06d0029108ef9ef22cce92
  React-RCTActionSheet: 1a3b8416688a3d291367be645022886f71d6842a
  React-RCTAnimation: e5560cb72d91ba35151d51e2eb0d467b42763f43
  React-RCTAppDelegate: 07a38817f7b30447eb4416384f430812e7c30551
  React-RCTBlob: 1ef41cdcc5bf8761b0a11a5c3be588f4787f8845
  React-RCTFabric: 85bf1f09d453e0aefc3f031fbe988c2ee76d2458
  React-RCTImage: 944297be6fcc0bac7cfe1afb7d2f4f346c2592cd
  React-RCTLinking: 0dd37faa7222e8f840edb83cbdd2a68f130ebdf1
  React-RCTNetwork: 481afbec12d5a60aac319593797c590464234fcd
  React-RCTPushNotification: c2cdddb4509d593c76f4122d57038aa57215071d
  React-RCTSettings: f308db1e99737d776cce43732b5bd38c973cfa2c
  React-RCTTest: 02c4d8b0a34bfab0f85adc03e163ef16dfd2f852
  React-RCTText: 402f609ee727f2dbbf5af8ce1692c64d8c1c17cc
  React-RCTVibration: f0f5ad6417803de42e022d99247a6b1ddaf46c13
  React-rncore: 42108de7043e5309932e2bff9505f39dd1d5971b
  React-runtimeexecutor: 511f4301d85daf85abface9afb8d2df2d49f87d3
  ReactCommon: 4f43b72066f27bfe1f63838c61763f59e7112536
  ScreenshotManager: e77ad8e427160ebce1f86313e2b21ea56b665285
  SocketRocket: fccef3f9c5cedea1353a9ef6ada904fde10d6608
  Yoga: cd7d7f509dbfac14ee7f31a6c750acb957cd5022
  YogaKit: f782866e155069a2cca2517aafea43200b01fd5a

PODFILE CHECKSUM: 8da43cb75927abd2bbb2fc21dcebfebb05b89963

COCOAPODS: 1.12.0
