// !$*UTF8*$!
{
	archiveVersion = 1;
	classes = {
	};
	objectVersion = 46;
	objects = {

/* Begin PBXBuildFile section */
		1338BBE01B04ACC80064A9C9 /* RCTSRWebSocket.m in Sources */ = {isa = PBXBuildFile; fileRef = 1338BBDD1B04ACC80064A9C9 /* RCTSRWebSocket.m */; };
		1338BBE11B04ACC80064A9C9 /* RCTWebSocketExecutor.m in Sources */ = {isa = PBXBuildFile; fileRef = 1338BBDF1B04ACC80064A9C9 /* RCTWebSocketExecutor.m */; };
		2D3B5F3D1D9B165B00451313 /* RCTSRWebSocket.m in Sources */ = {isa = PBXBuildFile; fileRef = 1338BBDD1B04ACC80064A9C9 /* RCTSRWebSocket.m */; };
		2D3B5F3E1D9B165B00451313 /* RCTWebSocketExecutor.m in Sources */ = {isa = PBXBuildFile; fileRef = 1338BBDF1B04ACC80064A9C9 /* RCTWebSocketExecutor.m */; };
		2D3B5F3F1D9B165B00451313 /* RCTWebSocketManager.m in Sources */ = {isa = PBXBuildFile; fileRef = 3DB9106E1C74B1ED00838BBE /* RCTWebSocketManager.m */; };
		2D3B5F401D9B165B00451313 /* RCTWebSocketModule.m in Sources */ = {isa = PBXBuildFile; fileRef = 3C86DF7B1ADF695F0047B81A /* RCTWebSocketModule.m */; };
		3C86DF7C1ADF695F0047B81A /* RCTWebSocketModule.m in Sources */ = {isa = PBXBuildFile; fileRef = 3C86DF7B1ADF695F0047B81A /* RCTWebSocketModule.m */; };
		3DB9106F1C74B1ED00838BBE /* RCTWebSocketManager.m in Sources */ = {isa = PBXBuildFile; fileRef = 3DB9106E1C74B1ED00838BBE /* RCTWebSocketManager.m */; };
/* End PBXBuildFile section */

/* Begin PBXCopyFilesBuildPhase section */
		2D2A28861D9B049200D4039D /* CopyFiles */ = {
			isa = PBXCopyFilesBuildPhase;
			buildActionMask = 2147483647;
			dstPath = "include/$(PRODUCT_NAME)";
			dstSubfolderSpec = 16;
			files = (
			);
			runOnlyForDeploymentPostprocessing = 0;
		};
/* End PBXCopyFilesBuildPhase section */

/* Begin PBXFileReference section */
		1338BBDC1B04ACC80064A9C9 /* RCTSRWebSocket.h */ = {isa = PBXFileReference; fileEncoding = 4; lastKnownFileType = sourcecode.c.h; path = RCTSRWebSocket.h; sourceTree = "<group>"; };
		1338BBDD1B04ACC80064A9C9 /* RCTSRWebSocket.m */ = {isa = PBXFileReference; fileEncoding = 4; lastKnownFileType = sourcecode.c.objc; path = RCTSRWebSocket.m; sourceTree = "<group>"; };
		1338BBDE1B04ACC80064A9C9 /* RCTWebSocketExecutor.h */ = {isa = PBXFileReference; fileEncoding = 4; lastKnownFileType = sourcecode.c.h; path = RCTWebSocketExecutor.h; sourceTree = "<group>"; };
		1338BBDF1B04ACC80064A9C9 /* RCTWebSocketExecutor.m */ = {isa = PBXFileReference; fileEncoding = 4; lastKnownFileType = sourcecode.c.objc; path = RCTWebSocketExecutor.m; sourceTree = "<group>"; };
		2D2A28881D9B049200D4039D /* libRCTWebSocket-tvOS.a */ = {isa = PBXFileReference; explicitFileType = archive.ar; includeInIndex = 0; path = "libRCTWebSocket-tvOS.a"; sourceTree = BUILT_PRODUCTS_DIR; };
		3C86DF461ADF2C930047B81A /* libRCTWebSocket.a */ = {isa = PBXFileReference; explicitFileType = archive.ar; includeInIndex = 0; path = libRCTWebSocket.a; sourceTree = BUILT_PRODUCTS_DIR; };
		3C86DF7A1ADF695F0047B81A /* RCTWebSocketModule.h */ = {isa = PBXFileReference; fileEncoding = 4; lastKnownFileType = sourcecode.c.h; path = RCTWebSocketModule.h; sourceTree = "<group>"; };
		3C86DF7B1ADF695F0047B81A /* RCTWebSocketModule.m */ = {isa = PBXFileReference; fileEncoding = 4; indentWidth = 2; lastKnownFileType = sourcecode.c.objc; path = RCTWebSocketModule.m; sourceTree = "<group>"; tabWidth = 2; };
		3DB9106D1C74B1ED00838BBE /* RCTWebSocketManager.h */ = {isa = PBXFileReference; fileEncoding = 4; lastKnownFileType = sourcecode.c.h; path = RCTWebSocketManager.h; sourceTree = "<group>"; };
		3DB9106E1C74B1ED00838BBE /* RCTWebSocketManager.m */ = {isa = PBXFileReference; fileEncoding = 4; lastKnownFileType = sourcecode.c.objc; path = RCTWebSocketManager.m; sourceTree = "<group>"; };
/* End PBXFileReference section */

/* Begin PBXFrameworksBuildPhase section */
		2D2A28851D9B049200D4039D /* Frameworks */ = {
			isa = PBXFrameworksBuildPhase;
			buildActionMask = 2147483647;
			files = (
			);
			runOnlyForDeploymentPostprocessing = 0;
		};
		3C86DF431ADF2C930047B81A /* Frameworks */ = {
			isa = PBXFrameworksBuildPhase;
			buildActionMask = 2147483647;
			files = (
			);
			runOnlyForDeploymentPostprocessing = 0;
		};
/* End PBXFrameworksBuildPhase section */

/* Begin PBXGroup section */
		3C86DF3D1ADF2C930047B81A = {
			isa = PBXGroup;
			children = (
				1338BBDC1B04ACC80064A9C9 /* RCTSRWebSocket.h */,
				1338BBDD1B04ACC80064A9C9 /* RCTSRWebSocket.m */,
				1338BBDE1B04ACC80064A9C9 /* RCTWebSocketExecutor.h */,
				1338BBDF1B04ACC80064A9C9 /* RCTWebSocketExecutor.m */,
				3DB9106D1C74B1ED00838BBE /* RCTWebSocketManager.h */,
				3DB9106E1C74B1ED00838BBE /* RCTWebSocketManager.m */,
				3C86DF7A1ADF695F0047B81A /* RCTWebSocketModule.h */,
				3C86DF7B1ADF695F0047B81A /* RCTWebSocketModule.m */,
				3C86DF471ADF2C930047B81A /* Products */,
			);
			indentWidth = 2;
			sourceTree = "<group>";
			tabWidth = 2;
		};
		3C86DF471ADF2C930047B81A /* Products */ = {
			isa = PBXGroup;
			children = (
				3C86DF461ADF2C930047B81A /* libRCTWebSocket.a */,
				2D2A28881D9B049200D4039D /* libRCTWebSocket-tvOS.a */,
			);
			name = Products;
			sourceTree = "<group>";
		};
/* End PBXGroup section */

/* Begin PBXNativeTarget section */
		2D2A28871D9B049200D4039D /* RCTWebSocket-tvOS */ = {
			isa = PBXNativeTarget;
			buildConfigurationList = 2D2A28901D9B049200D4039D /* Build configuration list for PBXNativeTarget "RCTWebSocket-tvOS" */;
			buildPhases = (
				2D2A28841D9B049200D4039D /* Sources */,
				2D2A28851D9B049200D4039D /* Frameworks */,
				2D2A28861D9B049200D4039D /* CopyFiles */,
			);
			buildRules = (
			);
			dependencies = (
			);
			name = "RCTWebSocket-tvOS";
			productName = "RCTWebSocket-tvOS";
			productReference = 2D2A28881D9B049200D4039D /* libRCTWebSocket-tvOS.a */;
			productType = "com.apple.product-type.library.static";
		};
		3C86DF451ADF2C930047B81A /* RCTWebSocket */ = {
			isa = PBXNativeTarget;
			buildConfigurationList = 3C86DF5A1ADF2C930047B81A /* Build configuration list for PBXNativeTarget "RCTWebSocket" */;
			buildPhases = (
				3C86DF421ADF2C930047B81A /* Sources */,
				3C86DF431ADF2C930047B81A /* Frameworks */,
			);
			buildRules = (
			);
			dependencies = (
			);
			name = RCTWebSocket;
			productName = WebSocket;
			productReference = 3C86DF461ADF2C930047B81A /* libRCTWebSocket.a */;
			productType = "com.apple.product-type.library.static";
		};
/* End PBXNativeTarget section */

/* Begin PBXProject section */
		3C86DF3E1ADF2C930047B81A /* Project object */ = {
			isa = PBXProject;
			attributes = {
				LastUpgradeCheck = 0630;
				ORGANIZATIONNAME = Facebook;
				TargetAttributes = {
					2D2A28871D9B049200D4039D = {
						CreatedOnToolsVersion = 8.0;
						ProvisioningStyle = Automatic;
					};
					3C86DF451ADF2C930047B81A = {
						CreatedOnToolsVersion = 6.3;
					};
				};
			};
			buildConfigurationList = 3C86DF411ADF2C930047B81A /* Build configuration list for PBXProject "RCTWebSocket" */;
			compatibilityVersion = "Xcode 3.2";
			developmentRegion = English;
			hasScannedForEncodings = 0;
			knownRegions = (
				en,
			);
			mainGroup = 3C86DF3D1ADF2C930047B81A;
			productRefGroup = 3C86DF471ADF2C930047B81A /* Products */;
			projectDirPath = "";
			projectRoot = "";
			targets = (
				3C86DF451ADF2C930047B81A /* RCTWebSocket */,
				2D2A28871D9B049200D4039D /* RCTWebSocket-tvOS */,
			);
		};
/* End PBXProject section */

/* Begin PBXSourcesBuildPhase section */
		2D2A28841D9B049200D4039D /* Sources */ = {
			isa = PBXSourcesBuildPhase;
			buildActionMask = 2147483647;
			files = (
				2D3B5F3E1D9B165B00451313 /* RCTWebSocketExecutor.m in Sources */,
				2D3B5F401D9B165B00451313 /* RCTWebSocketModule.m in Sources */,
				2D3B5F3D1D9B165B00451313 /* RCTSRWebSocket.m in Sources */,
				2D3B5F3F1D9B165B00451313 /* RCTWebSocketManager.m in Sources */,
			);
			runOnlyForDeploymentPostprocessing = 0;
		};
		3C86DF421ADF2C930047B81A /* Sources */ = {
			isa = PBXSourcesBuildPhase;
			buildActionMask = 2147483647;
			files = (
				1338BBE01B04ACC80064A9C9 /* RCTSRWebSocket.m in Sources */,
				3C86DF7C1ADF695F0047B81A /* RCTWebSocketModule.m in Sources */,
				1338BBE11B04ACC80064A9C9 /* RCTWebSocketExecutor.m in Sources */,
				3DB9106F1C74B1ED00838BBE /* RCTWebSocketManager.m in Sources */,
			);
			runOnlyForDeploymentPostprocessing = 0;
		};
/* End PBXSourcesBuildPhase section */

/* Begin XCBuildConfiguration section */
		2D2A288E1D9B049200D4039D /* Debug */ = {
			isa = XCBuildConfiguration;
			buildSettings = {
				CLANG_ANALYZER_NONNULL = YES;
				CLANG_WARN_DOCUMENTATION_COMMENTS = YES;
				CLANG_WARN_INFINITE_RECURSION = YES;
				CLANG_WARN_SUSPICIOUS_MOVES = YES;
				DEBUG_INFORMATION_FORMAT = dwarf;
				ENABLE_TESTABILITY = YES;
				OTHER_LDFLAGS = "-ObjC";
				PRODUCT_NAME = "$(TARGET_NAME)";
				SDKROOT = appletvos;
				SKIP_INSTALL = YES;
				TVOS_DEPLOYMENT_TARGET = 9.2;
			};
			name = Debug;
		};
		2D2A288F1D9B049200D4039D /* Release */ = {
			isa = XCBuildConfiguration;
			buildSettings = {
				CLANG_ANALYZER_NONNULL = YES;
				CLANG_WARN_DOCUMENTATION_COMMENTS = YES;
				CLANG_WARN_INFINITE_RECURSION = YES;
				CLANG_WARN_SUSPICIOUS_MOVES = YES;
				OTHER_LDFLAGS = "-ObjC";
				PRODUCT_NAME = "$(TARGET_NAME)";
				SDKROOT = appletvos;
				SKIP_INSTALL = YES;
				TVOS_DEPLOYMENT_TARGET = 9.2;
			};
			name = Release;
		};
		3C86DF581ADF2C930047B81A /* Debug */ = {
			isa = XCBuildConfiguration;
			buildSettings = {
				ALWAYS_SEARCH_USER_PATHS = NO;
				CLANG_CXX_LANGUAGE_STANDARD = "gnu++0x";
				CLANG_CXX_LIBRARY = "libc++";
				CLANG_ENABLE_MODULES = YES;
				CLANG_ENABLE_OBJC_ARC = YES;
				CLANG_WARN_BOOL_CONVERSION = YES;
				CLANG_WARN_CONSTANT_CONVERSION = YES;
				CLANG_WARN_DIRECT_OBJC_ISA_USAGE = YES_ERROR;
				CLANG_WARN_EMPTY_BODY = YES;
				CLANG_WARN_ENUM_CONVERSION = YES;
				CLANG_WARN_INT_CONVERSION = YES;
				CLANG_WARN_OBJC_ROOT_CLASS = YES_ERROR;
				CLANG_WARN_UNREACHABLE_CODE = YES;
				CLANG_WARN__DUPLICATE_METHOD_MATCH = YES;
				COPY_PHASE_STRIP = NO;
				DEBUG_INFORMATION_FORMAT = "dwarf-with-dsym";
				ENABLE_STRICT_OBJC_MSGSEND = YES;
				GCC_C_LANGUAGE_STANDARD = gnu99;
				GCC_DYNAMIC_NO_PIC = NO;
				GCC_NO_COMMON_BLOCKS = YES;
				GCC_OPTIMIZATION_LEVEL = 0;
				GCC_PREPROCESSOR_DEFINITIONS = (
					"DEBUG=1",
					"$(inherited)",
				);
				GCC_SYMBOLS_PRIVATE_EXTERN = NO;
				GCC_WARN_64_TO_32_BIT_CONVERSION = YES;
				GCC_WARN_ABOUT_RETURN_TYPE = YES_ERROR;
				GCC_WARN_INITIALIZER_NOT_FULLY_BRACKETED = YES;
				GCC_WARN_SHADOW = YES;
				GCC_WARN_UNDECLARED_SELECTOR = YES;
				GCC_WARN_UNINITIALIZED_AUTOS = YES_AGGRESSIVE;
				GCC_WARN_UNUSED_FUNCTION = YES;
				GCC_WARN_UNUSED_VARIABLE = YES;
				HEADER_SEARCH_PATHS = (
					"$(SRCROOT)/../../React/**",
					"$(SRCROOT)/../../ReactCommon/**",
				);
				IPHONEOS_DEPLOYMENT_TARGET = 8.0;
				MTL_ENABLE_DEBUG_INFO = YES;
				ONLY_ACTIVE_ARCH = YES;
				SDKROOT = iphoneos;
				WARNING_CFLAGS = (
					"-Werror",
					"-Wall",
				);
			};
			name = Debug;
		};
		3C86DF591ADF2C930047B81A /* Release */ = {
			isa = XCBuildConfiguration;
			buildSettings = {
				ALWAYS_SEARCH_USER_PATHS = NO;
				CLANG_CXX_LANGUAGE_STANDARD = "gnu++0x";
				CLANG_CXX_LIBRARY = "libc++";
				CLANG_ENABLE_MODULES = YES;
				CLANG_ENABLE_OBJC_ARC = YES;
				CLANG_WARN_BOOL_CONVERSION = YES;
				CLANG_WARN_CONSTANT_CONVERSION = YES;
				CLANG_WARN_DIRECT_OBJC_ISA_USAGE = YES_ERROR;
				CLANG_WARN_EMPTY_BODY = YES;
				CLANG_WARN_ENUM_CONVERSION = YES;
				CLANG_WARN_INT_CONVERSION = YES;
				CLANG_WARN_OBJC_ROOT_CLASS = YES_ERROR;
				CLANG_WARN_UNREACHABLE_CODE = YES;
				CLANG_WARN__DUPLICATE_METHOD_MATCH = YES;
				COPY_PHASE_STRIP = NO;
				DEBUG_INFORMATION_FORMAT = "dwarf-with-dsym";
				ENABLE_NS_ASSERTIONS = NO;
				ENABLE_STRICT_OBJC_MSGSEND = YES;
				GCC_C_LANGUAGE_STANDARD = gnu99;
				GCC_NO_COMMON_BLOCKS = YES;
				GCC_WARN_64_TO_32_BIT_CONVERSION = YES;
				GCC_WARN_ABOUT_RETURN_TYPE = YES_ERROR;
				GCC_WARN_INITIALIZER_NOT_FULLY_BRACKETED = YES;
				GCC_WARN_SHADOW = YES;
				GCC_WARN_UNDECLARED_SELECTOR = YES;
				GCC_WARN_UNINITIALIZED_AUTOS = YES_AGGRESSIVE;
				GCC_WARN_UNUSED_FUNCTION = YES;
				GCC_WARN_UNUSED_VARIABLE = YES;
				HEADER_SEARCH_PATHS = (
					"$(SRCROOT)/../../React/**",
					"$(SRCROOT)/../../ReactCommon/**",
				);
				IPHONEOS_DEPLOYMENT_TARGET = 8.0;
				MTL_ENABLE_DEBUG_INFO = NO;
				SDKROOT = iphoneos;
				VALIDATE_PRODUCT = YES;
				WARNING_CFLAGS = (
					"-Werror",
					"-Wall",
				);
			};
			name = Release;
		};
		3C86DF5B1ADF2C930047B81A /* Debug */ = {
			isa = XCBuildConfiguration;
			buildSettings = {
				EXECUTABLE_PREFIX = lib;
				GCC_TREAT_WARNINGS_AS_ERRORS = NO;
				OTHER_LDFLAGS = "-ObjC";
				PRODUCT_NAME = "$(TARGET_NAME)";
				SKIP_INSTALL = YES;
			};
			name = Debug;
		};
		3C86DF5C1ADF2C930047B81A /* Release */ = {
			isa = XCBuildConfiguration;
			buildSettings = {
				EXECUTABLE_PREFIX = lib;
				GCC_TREAT_WARNINGS_AS_ERRORS = NO;
				OTHER_LDFLAGS = "-ObjC";
				PRODUCT_NAME = "$(TARGET_NAME)";
				SKIP_INSTALL = YES;
			};
			name = Release;
		};
/* End XCBuildConfiguration section */

/* Begin XCConfigurationList section */
		2D2A28901D9B049200D4039D /* Build configuration list for PBXNativeTarget "RCTWebSocket-tvOS" */ = {
			isa = XCConfigurationList;
			buildConfigurations = (
				2D2A288E1D9B049200D4039D /* Debug */,
				2D2A288F1D9B049200D4039D /* Release */,
			);
			defaultConfigurationIsVisible = 0;
			defaultConfigurationName = Release;
		};
		3C86DF411ADF2C930047B81A /* Build configuration list for PBXProject "RCTWebSocket" */ = {
			isa = XCConfigurationList;
			buildConfigurations = (
				3C86DF581ADF2C930047B81A /* Debug */,
				3C86DF591ADF2C930047B81A /* Release */,
			);
			defaultConfigurationIsVisible = 0;
			defaultConfigurationName = Release;
		};
		3C86DF5A1ADF2C930047B81A /* Build configuration list for PBXNativeTarget "RCTWebSocket" */ = {
			isa = XCConfigurationList;
			buildConfigurations = (
				3C86DF5B1ADF2C930047B81A /* Debug */,
				3C86DF5C1ADF2C930047B81A /* Release */,
			);
			defaultConfigurationIsVisible = 0;
			defaultConfigurationName = Release;
		};
/* End XCConfigurationList section */
	};
	rootObject = 3C86DF3E1ADF2C930047B81A /* Project object */;
}
